// !$*UTF8*$!
{
	archiveVersion = 1;
	classes = {
	};
	objectVersion = 50;
	objects = {

/* Begin PBXBuildFile section */
		8637665A2506F3B3006C9719 /* AppDelegate.swift in Sources */ = {isa = PBXBuildFile; fileRef = 863766592506F3B3006C9719 /* AppDelegate.swift */; };
		8637665C2506F3B3006C9719 /* SceneDelegate.swift in Sources */ = {isa = PBXBuildFile; fileRef = 8637665B2506F3B3006C9719 /* SceneDelegate.swift */; };
		8637665E2506F3B3006C9719 /* ViewController.swift in Sources */ = {isa = PBXBuildFile; fileRef = 8637665D2506F3B3006C9719 /* ViewController.swift */; };
		863766612506F3B3006C9719 /* Main.storyboard in Resources */ = {isa = PBXBuildFile; fileRef = 8637665F2506F3B3006C9719 /* Main.storyboard */; };
		863766632506F3B5006C9719 /* Assets.xcassets in Resources */ = {isa = PBXBuildFile; fileRef = 863766622506F3B5006C9719 /* Assets.xcassets */; };
		863766662506F3B5006C9719 /* LaunchScreen.storyboard in Resources */ = {isa = PBXBuildFile; fileRef = 863766642506F3B5006C9719 /* LaunchScreen.storyboard */; };
/* End PBXBuildFile section */

/* Begin PBXFileReference section */
		863766562506F3B3006C9719 /* DemoTecladoObserver.app */ = {isa = PBXFileReference; explicitFileType = wrapper.application; includeInIndex = 0; path = DemoTecladoObserver.app; sourceTree = BUILT_PRODUCTS_DIR; };
		863766592506F3B3006C9719 /* AppDelegate.swift */ = {isa = PBXFileReference; lastKnownFileType = sourcecode.swift; path = AppDelegate.swift; sourceTree = "<group>"; };
		8637665B2506F3B3006C9719 /* SceneDelegate.swift */ = {isa = PBXFileReference; lastKnownFileType = sourcecode.swift; path = SceneDelegate.swift; sourceTree = "<group>"; };
		8637665D2506F3B3006C9719 /* ViewController.swift */ = {isa = PBXFileReference; lastKnownFileType = sourcecode.swift; path = ViewController.swift; sourceTree = "<group>"; };
		863766602506F3B3006C9719 /* Base */ = {isa = PBXFileReference; lastKnownFileType = file.storyboard; name = Base; path = Base.lproj/Main.storyboard; sourceTree = "<group>"; };
		863766622506F3B5006C9719 /* Assets.xcassets */ = {isa = PBXFileReference; lastKnownFileType = folder.assetcatalog; path = Assets.xcassets; sourceTree = "<group>"; };
		863766652506F3B5006C9719 /* Base */ = {isa = PBXFileReference; lastKnownFileType = file.storyboard; name = Base; path = Base.lproj/LaunchScreen.storyboard; sourceTree = "<group>"; };
		863766672506F3B5006C9719 /* Info.plist */ = {isa = PBXFileReference; lastKnownFileType = text.plist.xml; path = Info.plist; sourceTree = "<group>"; };
/* End PBXFileReference section */

/* Begin PBXFrameworksBuildPhase section */
		863766532506F3B3006C9719 /* Frameworks */ = {
			isa = PBXFrameworksBuildPhase;
			buildActionMask = 2147483647;
			files = (
			);
			runOnlyForDeploymentPostprocessing = 0;
		};
/* End PBXFrameworksBuildPhase section */

/* Begin PBXGroup section */
		8637664D2506F3B3006C9719 = {
			isa = PBXGroup;
			children = (
				863766582506F3B3006C9719 /* DemoTecladoObserver */,
				863766572506F3B3006C9719 /* Products */,
			);
			sourceTree = "<group>";
		};
		863766572506F3B3006C9719 /* Products */ = {
			isa = PBXGroup;
			children = (
				863766562506F3B3006C9719 /* DemoTecladoObserver.app */,
			);
			name = Products;
			sourceTree = "<group>";
		};
		863766582506F3B3006C9719 /* DemoTecladoObserver */ = {
			isa = PBXGroup;
			children = (
				863766592506F3B3006C9719 /* AppDelegate.swift */,
				8637665B2506F3B3006C9719 /* SceneDelegate.swift */,
				8637665D2506F3B3006C9719 /* ViewController.swift */,
				8637665F2506F3B3006C9719 /* Main.storyboard */,
				863766622506F3B5006C9719 /* Assets.xcassets */,
				863766642506F3B5006C9719 /* LaunchScreen.storyboard */,
				863766672506F3B5006C9719 /* Info.plist */,
			);
			path = DemoTecladoObserver;
			sourceTree = "<group>";
		};
/* End PBXGroup section */

/* Begin PBXNativeTarget section */
		863766552506F3B3006C9719 /* DemoTecladoObserver */ = {
			isa = PBXNativeTarget;
			buildConfigurationList = 8637666A2506F3B5006C9719 /* Build configuration list for PBXNativeTarget "DemoTecladoObserver" */;
			buildPhases = (
				863766522506F3B3006C9719 /* Sources */,
				863766532506F3B3006C9719 /* Frameworks */,
				863766542506F3B3006C9719 /* Resources */,
			);
			buildRules = (
			);
			dependencies = (
			);
			name = DemoTecladoObserver;
			productName = DemoTecladoObserver;
			productReference = 863766562506F3B3006C9719 /* DemoTecladoObserver.app */;
			productType = "com.apple.product-type.application";
		};
/* End PBXNativeTarget section */

/* Begin PBXProject section */
		8637664E2506F3B3006C9719 /* Project object */ = {
			isa = PBXProject;
			attributes = {
				LastSwiftUpdateCheck = 1160;
				LastUpgradeCheck = 1160;
				ORGANIZATIONNAME = "Jack Rackham";
				TargetAttributes = {
					863766552506F3B3006C9719 = {
						CreatedOnToolsVersion = 11.6;
					};
				};
			};
			buildConfigurationList = 863766512506F3B3006C9719 /* Build configuration list for PBXProject "DemoTecladoObserver" */;
			compatibilityVersion = "Xcode 9.3";
			developmentRegion = en;
			hasScannedForEncodings = 0;
			knownRegions = (
				en,
				Base,
			);
			mainGroup = 8637664D2506F3B3006C9719;
			productRefGroup = 863766572506F3B3006C9719 /* Products */;
			projectDirPath = "";
			projectRoot = "";
			targets = (
				863766552506F3B3006C9719 /* DemoTecladoObserver */,
			);
		};
/* End PBXProject section */

/* Begin PBXResourcesBuildPhase section */
		863766542506F3B3006C9719 /* Resources */ = {
			isa = PBXResourcesBuildPhase;
			buildActionMask = 2147483647;
			files = (
				863766662506F3B5006C9719 /* LaunchScreen.storyboard in Resources */,
				863766632506F3B5006C9719 /* Assets.xcassets in Resources */,
				863766612506F3B3006C9719 /* Main.storyboard in Resources */,
			);
			runOnlyForDeploymentPostprocessing = 0;
		};
/* End PBXResourcesBuildPhase section */

/* Begin PBXSourcesBuildPhase section */
		863766522506F3B3006C9719 /* Sources */ = {
			isa = PBXSourcesBuildPhase;
			buildActionMask = 2147483647;
			files = (
				8637665E2506F3B3006C9719 /* ViewController.swift in Sources */,
				8637665A2506F3B3006C9719 /* AppDelegate.swift in Sources */,
				8637665C2506F3B3006C9719 /* SceneDelegate.swift in Sources */,
			);
			runOnlyForDeploymentPostprocessing = 0;
		};
/* End PBXSourcesBuildPhase section */

/* Begin PBXVariantGroup section */
		8637665F2506F3B3006C9719 /* Main.storyboard */ = {
			isa = PBXVariantGroup;
			children = (
				863766602506F3B3006C9719 /* Base */,
			);
			name = Main.storyboard;
			sourceTree = "<group>";
		};
		863766642506F3B5006C9719 /* LaunchScreen.storyboard */ = {
			isa = PBXVariantGroup;
			children = (
				863766652506F3B5006C9719 /* Base */,
			);
			name = LaunchScreen.storyboard;
			sourceTree = "<group>";
		};
/* End PBXVariantGroup section */

/* Begin XCBuildConfiguration section */
		863766682506F3B5006C9719 /* Debug */ = {
			isa = XCBuildConfiguration;
			buildSettings = {
				ALWAYS_SEARCH_USER_PATHS = NO;
				CLANG_ANALYZER_NONNULL = YES;
				CLANG_ANALYZER_NUMBER_OBJECT_CONVERSION = YES_AGGRESSIVE;
				CLANG_CXX_LANGUAGE_STANDARD = "gnu++14";
				CLANG_CXX_LIBRARY = "libc++";
				CLANG_ENABLE_MODULES = YES;
				CLANG_ENABLE_OBJC_ARC = YES;
				CLANG_ENABLE_OBJC_WEAK = YES;
				CLANG_WARN_BLOCK_CAPTURE_AUTORELEASING = YES;
				CLANG_WARN_BOOL_CONVERSION = YES;
				CLANG_WARN_COMMA = YES;
				CLANG_WARN_CONSTANT_CONVERSION = YES;
				CLANG_WARN_DEPRECATED_OBJC_IMPLEMENTATIONS = YES;
				CLANG_WARN_DIRECT_OBJC_ISA_USAGE = YES_ERROR;
				CLANG_WARN_DOCUMENTATION_COMMENTS = YES;
				CLANG_WARN_EMPTY_BODY = YES;
				CLANG_WARN_ENUM_CONVERSION = YES;
				CLANG_WARN_INFINITE_RECURSION = YES;
				CLANG_WARN_INT_CONVERSION = YES;
				CLANG_WARN_NON_LITERAL_NULL_CONVERSION = YES;
				CLANG_WARN_OBJC_IMPLICIT_RETAIN_SELF = YES;
				CLANG_WARN_OBJC_LITERAL_CONVERSION = YES;
				CLANG_WARN_OBJC_ROOT_CLASS = YES_ERROR;
				CLANG_WARN_RANGE_LOOP_ANALYSIS = YES;
				CLANG_WARN_STRICT_PROTOTYPES = YES;
				CLANG_WARN_SUSPICIOUS_MOVE = YES;
				CLANG_WARN_UNGUARDED_AVAILABILITY = YES_AGGRESSIVE;
				CLANG_WARN_UNREACHABLE_CODE = YES;
				CLANG_WARN__DUPLICATE_METHOD_MATCH = YES;
				COPY_PHASE_STRIP = NO;
				DEBUG_INFORMATION_FORMAT = dwarf;
				ENABLE_STRICT_OBJC_MSGSEND = YES;
				ENABLE_TESTABILITY = YES;
				GCC_C_LANGUAGE_STANDARD = gnu11;
				GCC_DYNAMIC_NO_PIC = NO;
				GCC_NO_COMMON_BLOCKS = YES;
				GCC_OPTIMIZATION_LEVEL = 0;
				GCC_PREPROCESSOR_DEFINITIONS = (
					"DEBUG=1",
					"$(inherited)",
				);
				GCC_WARN_64_TO_32_BIT_CONVERSION = YES;
				GCC_WARN_ABOUT_RETURN_TYPE = YES_ERROR;
				GCC_WARN_UNDECLARED_SELECTOR = YES;
				GCC_WARN_UNINITIALIZED_AUTOS = YES_AGGRESSIVE;
				GCC_WARN_UNUSED_FUNCTION = YES;
				GCC_WARN_UNUSED_VARIABLE = YES;
				IPHONEOS_DEPLOYMENT_TARGET = 13.6;
				MTL_ENABLE_DEBUG_INFO = INCLUDE_SOURCE;
				MTL_FAST_MATH = YES;
				ONLY_ACTIVE_ARCH = YES;
				SDKROOT = iphoneos;
				SWIFT_ACTIVE_COMPILATION_CONDITIONS = DEBUG;
				SWIFT_OPTIMIZATION_LEVEL = "-Onone";
			};
			name = Debug;
		};
		863766692506F3B5006C9719 /* Release */ = {
			isa = XCBuildConfiguration;
			buildSettings = {
				ALWAYS_SEARCH_USER_PATHS = NO;
				CLANG_ANALYZER_NONNULL = YES;
				CLANG_ANALYZER_NUMBER_OBJECT_CONVERSION = YES_AGGRESSIVE;
				CLANG_CXX_LANGUAGE_STANDARD = "gnu++14";
				CLANG_CXX_LIBRARY = "libc++";
				CLANG_ENABLE_MODULES = YES;
				CLANG_ENABLE_OBJC_ARC = YES;
				CLANG_ENABLE_OBJC_WEAK = YES;
				CLANG_WARN_BLOCK_CAPTURE_AUTORELEASING = YES;
				CLANG_WARN_BOOL_CONVERSION = YES;
				CLANG_WARN_COMMA = YES;
				CLANG_WARN_CONSTANT_CONVERSION = YES;
				CLANG_WARN_DEPRECATED_OBJC_IMPLEMENTATIONS = YES;
				CLANG_WARN_DIRECT_OBJC_ISA_USAGE = YES_ERROR;
				CLANG_WARN_DOCUMENTATION_COMMENTS = YES;
				CLANG_WARN_EMPTY_BODY = YES;
				CLANG_WARN_ENUM_CONVERSION = YES;
				CLANG_WARN_INFINITE_RECURSION = YES;
				CLANG_WARN_INT_CONVERSION = YES;
				CLANG_WARN_NON_LITERAL_NULL_CONVERSION = YES;
				CLANG_WARN_OBJC_IMPLICIT_RETAIN_SELF = YES;
				CLANG_WARN_OBJC_LITERAL_CONVERSION = YES;
				CLANG_WARN_OBJC_ROOT_CLASS = YES_ERROR;
				CLANG_WARN_RANGE_LOOP_ANALYSIS = YES;
				CLANG_WARN_STRICT_PROTOTYPES = YES;
				CLANG_WARN_SUSPICIOUS_MOVE = YES;
				CLANG_WARN_UNGUARDED_AVAILABILITY = YES_AGGRESSIVE;
				CLANG_WARN_UNREACHABLE_CODE = YES;
				CLANG_WARN__DUPLICATE_METHOD_MATCH = YES;
				COPY_PHASE_STRIP = NO;
				DEBUG_INFORMATION_FORMAT = "dwarf-with-dsym";
				ENABLE_NS_ASSERTIONS = NO;
				ENABLE_STRICT_OBJC_MSGSEND = YES;
				GCC_C_LANGUAGE_STANDARD = gnu11;
				GCC_NO_COMMON_BLOCKS = YES;
				GCC_WARN_64_TO_32_BIT_CONVERSION = YES;
				GCC_WARN_ABOUT_RETURN_TYPE = YES_ERROR;
				GCC_WARN_UNDECLARED_SELECTOR = YES;
				GCC_WARN_UNINITIALIZED_AUTOS = YES_AGGRESSIVE;
				GCC_WARN_UNUSED_FUNCTION = YES;
				GCC_WARN_UNUSED_VARIABLE = YES;
				IPHONEOS_DEPLOYMENT_TARGET = 13.6;
				MTL_ENABLE_DEBUG_INFO = NO;
				MTL_FAST_MATH = YES;
				SDKROOT = iphoneos;
				SWIFT_COMPILATION_MODE = wholemodule;
				SWIFT_OPTIMIZATION_LEVEL = "-O";
				VALIDATE_PRODUCT = YES;
			};
			name = Release;
		};
		8637666B2506F3B5006C9719 /* Debug */ = {
			isa = XCBuildConfiguration;
			buildSettings = {
				ASSETCATALOG_COMPILER_APPICON_NAME = AppIcon;
				CODE_SIGN_STYLE = Automatic;
				INFOPLIST_FILE = DemoTecladoObserver/Info.plist;
				LD_RUNPATH_SEARCH_PATHS = (
					"$(inherited)",
					"@executable_path/Frameworks",
				);
				PRODUCT_BUNDLE_IDENTIFIER = com.isil.DemoTecladoObserver;
				PRODUCT_NAME = "$(TARGET_NAME)";
				SWIFT_VERSION = 5.0;
				TARGETED_DEVICE_FAMILY = "1,2";
			};
			name = Debug;
		};
		8637666C2506F3B5006C9719 /* Release */ = {
			isa = XCBuildConfiguration;
			buildSettings = {
				ASSETCATALOG_COMPILER_APPICON_NAME = AppIcon;
				CODE_SIGN_STYLE = Automatic;
				INFOPLIST_FILE = DemoTecladoObserver/Info.plist;
				LD_RUNPATH_SEARCH_PATHS = (
					"$(inherited)",
					"@executable_path/Frameworks",
				);
				PRODUCT_BUNDLE_IDENTIFIER = com.isil.DemoTecladoObserver;
				PRODUCT_NAME = "$(TARGET_NAME)";
				SWIFT_VERSION = 5.0;
				TARGETED_DEVICE_FAMILY = "1,2";
			};
			name = Release;
		};
/* End XCBuildConfiguration section */

/* Begin XCConfigurationList section */
		863766512506F3B3006C9719 /* Build configuration list for PBXProject "DemoTecladoObserver" */ = {
			isa = XCConfigurationList;
			buildConfigurations = (
				863766682506F3B5006C9719 /* Debug */,
				863766692506F3B5006C9719 /* Release */,
			);
			defaultConfigurationIsVisible = 0;
			defaultConfigurationName = Release;
		};
		8637666A2506F3B5006C9719 /* Build configuration list for PBXNativeTarget "DemoTecladoObserver" */ = {
			isa = XCConfigurationList;
			buildConfigurations = (
				8637666B2506F3B5006C9719 /* Debug */,
				8637666C2506F3B5006C9719 /* Release */,
			);
			defaultConfigurationIsVisible = 0;
			defaultConfigurationName = Release;
		};
/* End XCConfigurationList section */
	};
	rootObject = 8637664E2506F3B3006C9719 /* Project object */;
}
